
Microsoft Visual Studio Solution File, Format Version 12.00
# Visual Studio Version 17
VisualStudioVersion = 17.1.32414.318
MinimumVisualStudioVersion = 10.0.40219.1
Project("{FAE04EC0-301F-11D3-BF4B-00C04F79EFBC}") = "SAE_V3", "SAE_V3\SAE_V3.csproj", "{7561E739-7C38-47A8-BD42-13D933EE12CF}"
EndProject
Global
	GlobalSection(SolutionConfigurationPlatforms) = preSolution
		Debug|Any CPU = Debug|Any CPU
		Release|Any CPU = Release|Any CPU
	EndGlobalSection
	GlobalSection(ProjectConfigurationPlatforms) = postSolution
		{7561E739-7C38-47A8-BD42-13D933EE12CF}.Debug|Any CPU.ActiveCfg = Debug|Any CPU
		{7561E739-7C38-47A8-BD42-13D933EE12CF}.Debug|Any CPU.Build.0 = Debug|Any CPU
		{7561E739-7C38-47A8-BD42-13D933EE12CF}.Release|Any CPU.ActiveCfg = Release|Any CPU
		{7561E739-7C38-47A8-BD42-13D933EE12CF}.Release|Any CPU.Build.0 = Release|Any CPU
	EndGlobalSection
	GlobalSection(SolutionProperties) = preSolution
		HideSolutionNode = FALSE
	EndGlobalSection
	GlobalSection(ExtensibilityGlobals) = postSolution
		SolutionGuid = {F0744121-98EB-4E02-9F93-CD29B25D72AE}
	EndGlobalSection
EndGlobal
